// !$*UTF8*$!
{
	archiveVersion = 1;
	classes = {
	};
	objectVersion = 77;
	objects = {

/* Begin PBXBuildFile section */
		5E9387762CEA939900FD4683 /* AppKit.framework in Frameworks */ = {isa = PBXBuildFile; fileRef = 5E9387752CEA939900FD4683 /* AppKit.framework */; };
		5E9387812CEAE24000FD4683 /* MetalKit.framework in Frameworks */ = {isa = PBXBuildFile; fileRef = 5E9387802CEAE24000FD4683 /* MetalKit.framework */; };
		5EAF854F2CEA8FFB00E6B8D5 /* Foundation.framework in Frameworks */ = {isa = PBXBuildFile; fileRef = 5EAF854E2CEA8FFB00E6B8D5 /* Foundation.framework */; };
		5EAF85512CEA900000E6B8D5 /* Metal.framework in Frameworks */ = {isa = PBXBuildFile; fileRef = 5EAF85502CEA900000E6B8D5 /* Metal.framework */; };
		5EAF85532CEA900500E6B8D5 /* QuartzCore.framework in Frameworks */ = {isa = PBXBuildFile; fileRef = 5EAF85522CEA900500E6B8D5 /* QuartzCore.framework */; };
/* End PBXBuildFile section */

/* Begin PBXCopyFilesBuildPhase section */
		5EAF85412CEA8FEA00E6B8D5 /* CopyFiles */ = {
			isa = PBXCopyFilesBuildPhase;
			buildActionMask = 2147483647;
			dstPath = /usr/share/man/man1/;
			dstSubfolderSpec = 0;
			files = (
			);
			runOnlyForDeploymentPostprocessing = 1;
		};
/* End PBXCopyFilesBuildPhase section */

/* Begin PBXFileReference section */
		5E9387752CEA939900FD4683 /* AppKit.framework */ = {isa = PBXFileReference; lastKnownFileType = wrapper.framework; name = AppKit.framework; path = System/Library/Frameworks/AppKit.framework; sourceTree = SDKROOT; };
		5E9387802CEAE24000FD4683 /* MetalKit.framework */ = {isa = PBXFileReference; lastKnownFileType = wrapper.framework; name = MetalKit.framework; path = System/Library/Frameworks/MetalKit.framework; sourceTree = SDKROOT; };
		5E9387A22CEC2C1400FD4683 /* AppKit.hpp */ = {isa = PBXFileReference; lastKnownFileType = sourcecode.cpp.h; path = AppKit.hpp; sourceTree = "<group>"; };
		5E9387A32CEC2C1400FD4683 /* AppKitPrivate.hpp */ = {isa = PBXFileReference; lastKnownFileType = sourcecode.cpp.h; path = AppKitPrivate.hpp; sourceTree = "<group>"; };
		5E9387A42CEC2C1400FD4683 /* NSApplication.hpp */ = {isa = PBXFileReference; lastKnownFileType = sourcecode.cpp.h; path = NSApplication.hpp; sourceTree = "<group>"; };
		5E9387A52CEC2C1400FD4683 /* NSMenu.hpp */ = {isa = PBXFileReference; lastKnownFileType = sourcecode.cpp.h; path = NSMenu.hpp; sourceTree = "<group>"; };
		5E9387A62CEC2C1400FD4683 /* NSMenuItem.hpp */ = {isa = PBXFileReference; lastKnownFileType = sourcecode.cpp.h; path = NSMenuItem.hpp; sourceTree = "<group>"; };
		5E9387A72CEC2C1400FD4683 /* NSRunningApplication.hpp */ = {isa = PBXFileReference; lastKnownFileType = sourcecode.cpp.h; path = NSRunningApplication.hpp; sourceTree = "<group>"; };
		5E9387A82CEC2C1400FD4683 /* NSView.hpp */ = {isa = PBXFileReference; lastKnownFileType = sourcecode.cpp.h; path = NSView.hpp; sourceTree = "<group>"; };
		5E9387A92CEC2C1400FD4683 /* NSWindow.hpp */ = {isa = PBXFileReference; lastKnownFileType = sourcecode.cpp.h; path = NSWindow.hpp; sourceTree = "<group>"; };
		5E9387AB2CEC2C1400FD4683 /* MetalKit.hpp */ = {isa = PBXFileReference; lastKnownFileType = sourcecode.cpp.h; path = MetalKit.hpp; sourceTree = "<group>"; };
		5E9387AC2CEC2C1400FD4683 /* MetalKitPrivate.hpp */ = {isa = PBXFileReference; lastKnownFileType = sourcecode.cpp.h; path = MetalKitPrivate.hpp; sourceTree = "<group>"; };
		5E9387AD2CEC2C1400FD4683 /* MTKView.hpp */ = {isa = PBXFileReference; lastKnownFileType = sourcecode.cpp.h; path = MTKView.hpp; sourceTree = "<group>"; };
		5EAF85432CEA8FEA00E6B8D5 /* zaynMac */ = {isa = PBXFileReference; explicitFileType = "compiled.mach-o.executable"; includeInIndex = 0; path = zaynMac; sourceTree = BUILT_PRODUCTS_DIR; };
		5EAF854E2CEA8FFB00E6B8D5 /* Foundation.framework */ = {isa = PBXFileReference; lastKnownFileType = wrapper.framework; name = Foundation.framework; path = System/Library/Frameworks/Foundation.framework; sourceTree = SDKROOT; };
		5EAF85502CEA900000E6B8D5 /* Metal.framework */ = {isa = PBXFileReference; lastKnownFileType = wrapper.framework; name = Metal.framework; path = System/Library/Frameworks/Metal.framework; sourceTree = SDKROOT; };
		5EAF85522CEA900500E6B8D5 /* QuartzCore.framework */ = {isa = PBXFileReference; lastKnownFileType = wrapper.framework; name = QuartzCore.framework; path = System/Library/Frameworks/QuartzCore.framework; sourceTree = SDKROOT; };
/* End PBXFileReference section */

/* Begin PBXFileSystemSynchronizedRootGroup section */
		5EAF85452CEA8FEA00E6B8D5 /* zaynMac */ = {
			isa = PBXFileSystemSynchronizedRootGroup;
			path = zaynMac;
			sourceTree = "<group>";
		};
		5EAF86252CEA90CA00E6B8D5 /* metal-cpp */ = {
			isa = PBXFileSystemSynchronizedRootGroup;
			path = "metal-cpp";
			sourceTree = "<group>";
		};
/* End PBXFileSystemSynchronizedRootGroup section */

/* Begin PBXFrameworksBuildPhase section */
		5EAF85402CEA8FEA00E6B8D5 /* Frameworks */ = {
			isa = PBXFrameworksBuildPhase;
			buildActionMask = 2147483647;
			files = (
				5E9387812CEAE24000FD4683 /* MetalKit.framework in Frameworks */,
				5E9387762CEA939900FD4683 /* AppKit.framework in Frameworks */,
				5EAF85532CEA900500E6B8D5 /* QuartzCore.framework in Frameworks */,
				5EAF85512CEA900000E6B8D5 /* Metal.framework in Frameworks */,
				5EAF854F2CEA8FFB00E6B8D5 /* Foundation.framework in Frameworks */,
			);
			runOnlyForDeploymentPostprocessing = 0;
		};
/* End PBXFrameworksBuildPhase section */

/* Begin PBXGroup section */
		5E9387AA2CEC2C1400FD4683 /* AppKit */ = {
			isa = PBXGroup;
			children = (
				5E9387A22CEC2C1400FD4683 /* AppKit.hpp */,
				5E9387A32CEC2C1400FD4683 /* AppKitPrivate.hpp */,
				5E9387A42CEC2C1400FD4683 /* NSApplication.hpp */,
				5E9387A52CEC2C1400FD4683 /* NSMenu.hpp */,
				5E9387A62CEC2C1400FD4683 /* NSMenuItem.hpp */,
				5E9387A72CEC2C1400FD4683 /* NSRunningApplication.hpp */,
				5E9387A82CEC2C1400FD4683 /* NSView.hpp */,
				5E9387A92CEC2C1400FD4683 /* NSWindow.hpp */,
			);
			path = AppKit;
			sourceTree = "<group>";
		};
		5E9387AE2CEC2C1400FD4683 /* MetalKit */ = {
			isa = PBXGroup;
			children = (
				5E9387AB2CEC2C1400FD4683 /* MetalKit.hpp */,
				5E9387AC2CEC2C1400FD4683 /* MetalKitPrivate.hpp */,
				5E9387AD2CEC2C1400FD4683 /* MTKView.hpp */,
			);
			path = MetalKit;
			sourceTree = "<group>";
		};
		5E9387AF2CEC2C1400FD4683 /* metal-cpp-extensions */ = {
			isa = PBXGroup;
			children = (
				5E9387AA2CEC2C1400FD4683 /* AppKit */,
				5E9387AE2CEC2C1400FD4683 /* MetalKit */,
			);
			path = "metal-cpp-extensions";
			sourceTree = "<group>";
		};
		5EAF853A2CEA8FEA00E6B8D5 = {
			isa = PBXGroup;
			children = (
				5E9387AF2CEC2C1400FD4683 /* metal-cpp-extensions */,
				5EAF85452CEA8FEA00E6B8D5 /* zaynMac */,
				5EAF854D2CEA8FFB00E6B8D5 /* Frameworks */,
				5EAF85442CEA8FEA00E6B8D5 /* Products */,
				5EAF86252CEA90CA00E6B8D5 /* metal-cpp */,
			);
			sourceTree = "<group>";
		};
		5EAF85442CEA8FEA00E6B8D5 /* Products */ = {
			isa = PBXGroup;
			children = (
				5EAF85432CEA8FEA00E6B8D5 /* zaynMac */,
			);
			name = Products;
			sourceTree = "<group>";
		};
		5EAF854D2CEA8FFB00E6B8D5 /* Frameworks */ = {
			isa = PBXGroup;
			children = (
				5E9387802CEAE24000FD4683 /* MetalKit.framework */,
				5E9387752CEA939900FD4683 /* AppKit.framework */,
				5EAF85522CEA900500E6B8D5 /* QuartzCore.framework */,
				5EAF85502CEA900000E6B8D5 /* Metal.framework */,
				5EAF854E2CEA8FFB00E6B8D5 /* Foundation.framework */,
			);
			name = Frameworks;
			sourceTree = "<group>";
		};
/* End PBXGroup section */

/* Begin PBXNativeTarget section */
		5EAF85422CEA8FEA00E6B8D5 /* zaynMac */ = {
			isa = PBXNativeTarget;
			buildConfigurationList = 5EAF854A2CEA8FEA00E6B8D5 /* Build configuration list for PBXNativeTarget "zaynMac" */;
			buildPhases = (
				5EAF853F2CEA8FEA00E6B8D5 /* Sources */,
				5EAF85402CEA8FEA00E6B8D5 /* Frameworks */,
				5EAF85412CEA8FEA00E6B8D5 /* CopyFiles */,
			);
			buildRules = (
			);
			dependencies = (
			);
			fileSystemSynchronizedGroups = (
				5EAF85452CEA8FEA00E6B8D5 /* zaynMac */,
				5EAF86252CEA90CA00E6B8D5 /* metal-cpp */,
			);
			name = zaynMac;
			packageProductDependencies = (
			);
			productName = zaynMac;
			productReference = 5EAF85432CEA8FEA00E6B8D5 /* zaynMac */;
			productType = "com.apple.product-type.tool";
		};
/* End PBXNativeTarget section */

/* Begin PBXProject section */
		5EAF853B2CEA8FEA00E6B8D5 /* Project object */ = {
			isa = PBXProject;
			attributes = {
				BuildIndependentTargetsInParallel = 1;
				LastUpgradeCheck = 1610;
				TargetAttributes = {
					5EAF85422CEA8FEA00E6B8D5 = {
						CreatedOnToolsVersion = 16.1;
					};
				};
			};
			buildConfigurationList = 5EAF853E2CEA8FEA00E6B8D5 /* Build configuration list for PBXProject "zaynMac" */;
			developmentRegion = en;
			hasScannedForEncodings = 0;
			knownRegions = (
				en,
				Base,
			);
			mainGroup = 5EAF853A2CEA8FEA00E6B8D5;
			minimizedProjectReferenceProxies = 1;
			preferredProjectObjectVersion = 77;
			productRefGroup = 5EAF85442CEA8FEA00E6B8D5 /* Products */;
			projectDirPath = "";
			projectRoot = "";
			targets = (
				5EAF85422CEA8FEA00E6B8D5 /* zaynMac */,
			);
		};
/* End PBXProject section */

/* Begin PBXSourcesBuildPhase section */
		5EAF853F2CEA8FEA00E6B8D5 /* Sources */ = {
			isa = PBXSourcesBuildPhase;
			buildActionMask = 2147483647;
			files = (
			);
			runOnlyForDeploymentPostprocessing = 0;
		};
/* End PBXSourcesBuildPhase section */

/* Begin XCBuildConfiguration section */
		5EAF85482CEA8FEA00E6B8D5 /* Debug */ = {
			isa = XCBuildConfiguration;
			buildSettings = {
				ALWAYS_SEARCH_USER_PATHS = NO;
				ASSETCATALOG_COMPILER_GENERATE_SWIFT_ASSET_SYMBOL_EXTENSIONS = YES;
				CLANG_ANALYZER_NONNULL = YES;
				CLANG_ANALYZER_NUMBER_OBJECT_CONVERSION = YES_AGGRESSIVE;
				CLANG_CXX_LANGUAGE_STANDARD = "c++17";
				CLANG_ENABLE_MODULES = YES;
				CLANG_ENABLE_OBJC_ARC = YES;
				CLANG_ENABLE_OBJC_WEAK = YES;
				CLANG_WARN_BLOCK_CAPTURE_AUTORELEASING = YES;
				CLANG_WARN_BOOL_CONVERSION = YES;
				CLANG_WARN_COMMA = YES;
				CLANG_WARN_CONSTANT_CONVERSION = YES;
				CLANG_WARN_DEPRECATED_OBJC_IMPLEMENTATIONS = YES;
				CLANG_WARN_DIRECT_OBJC_ISA_USAGE = YES_ERROR;
				CLANG_WARN_DOCUMENTATION_COMMENTS = YES;
				CLANG_WARN_EMPTY_BODY = YES;
				CLANG_WARN_ENUM_CONVERSION = YES;
				CLANG_WARN_INFINITE_RECURSION = YES;
				CLANG_WARN_INT_CONVERSION = YES;
				CLANG_WARN_NON_LITERAL_NULL_CONVERSION = YES;
				CLANG_WARN_OBJC_IMPLICIT_RETAIN_SELF = YES;
				CLANG_WARN_OBJC_LITERAL_CONVERSION = YES;
				CLANG_WARN_OBJC_ROOT_CLASS = YES_ERROR;
				CLANG_WARN_QUOTED_INCLUDE_IN_FRAMEWORK_HEADER = YES;
				CLANG_WARN_RANGE_LOOP_ANALYSIS = YES;
				CLANG_WARN_STRICT_PROTOTYPES = YES;
				CLANG_WARN_SUSPICIOUS_MOVE = YES;
				CLANG_WARN_UNGUARDED_AVAILABILITY = YES_AGGRESSIVE;
				CLANG_WARN_UNREACHABLE_CODE = YES;
				CLANG_WARN__DUPLICATE_METHOD_MATCH = YES;
				COPY_PHASE_STRIP = NO;
				DEBUG_INFORMATION_FORMAT = dwarf;
				ENABLE_STRICT_OBJC_MSGSEND = YES;
				ENABLE_TESTABILITY = YES;
				ENABLE_USER_SCRIPT_SANDBOXING = YES;
				GCC_C_LANGUAGE_STANDARD = gnu17;
				GCC_DYNAMIC_NO_PIC = NO;
				GCC_NO_COMMON_BLOCKS = YES;
				GCC_OPTIMIZATION_LEVEL = 0;
				GCC_PREPROCESSOR_DEFINITIONS = (
					"DEBUG=1",
					"$(inherited)",
				);
				GCC_WARN_64_TO_32_BIT_CONVERSION = YES;
				GCC_WARN_ABOUT_RETURN_TYPE = YES_ERROR;
				GCC_WARN_UNDECLARED_SELECTOR = YES;
				GCC_WARN_UNINITIALIZED_AUTOS = YES_AGGRESSIVE;
				GCC_WARN_UNUSED_FUNCTION = YES;
				GCC_WARN_UNUSED_VARIABLE = YES;
				HEADER_SEARCH_PATHS = "$(PROJECT_DIR)/metal-cpp";
				LOCALIZATION_PREFERS_STRING_CATALOGS = YES;
				MACOSX_DEPLOYMENT_TARGET = 14.5;
				MTL_ENABLE_DEBUG_INFO = INCLUDE_SOURCE;
				MTL_FAST_MATH = YES;
				ONLY_ACTIVE_ARCH = YES;
				SDKROOT = macosx;
			};
			name = Debug;
		};
		5EAF85492CEA8FEA00E6B8D5 /* Release */ = {
			isa = XCBuildConfiguration;
			buildSettings = {
				ALWAYS_SEARCH_USER_PATHS = NO;
				ASSETCATALOG_COMPILER_GENERATE_SWIFT_ASSET_SYMBOL_EXTENSIONS = YES;
				CLANG_ANALYZER_NONNULL = YES;
				CLANG_ANALYZER_NUMBER_OBJECT_CONVERSION = YES_AGGRESSIVE;
				CLANG_CXX_LANGUAGE_STANDARD = "c++17";
				CLANG_ENABLE_MODULES = YES;
				CLANG_ENABLE_OBJC_ARC = YES;
				CLANG_ENABLE_OBJC_WEAK = YES;
				CLANG_WARN_BLOCK_CAPTURE_AUTORELEASING = YES;
				CLANG_WARN_BOOL_CONVERSION = YES;
				CLANG_WARN_COMMA = YES;
				CLANG_WARN_CONSTANT_CONVERSION = YES;
				CLANG_WARN_DEPRECATED_OBJC_IMPLEMENTATIONS = YES;
				CLANG_WARN_DIRECT_OBJC_ISA_USAGE = YES_ERROR;
				CLANG_WARN_DOCUMENTATION_COMMENTS = YES;
				CLANG_WARN_EMPTY_BODY = YES;
				CLANG_WARN_ENUM_CONVERSION = YES;
				CLANG_WARN_INFINITE_RECURSION = YES;
				CLANG_WARN_INT_CONVERSION = YES;
				CLANG_WARN_NON_LITERAL_NULL_CONVERSION = YES;
				CLANG_WARN_OBJC_IMPLICIT_RETAIN_SELF = YES;
				CLANG_WARN_OBJC_LITERAL_CONVERSION = YES;
				CLANG_WARN_OBJC_ROOT_CLASS = YES_ERROR;
				CLANG_WARN_QUOTED_INCLUDE_IN_FRAMEWORK_HEADER = YES;
				CLANG_WARN_RANGE_LOOP_ANALYSIS = YES;
				CLANG_WARN_STRICT_PROTOTYPES = YES;
				CLANG_WARN_SUSPICIOUS_MOVE = YES;
				CLANG_WARN_UNGUARDED_AVAILABILITY = YES_AGGRESSIVE;
				CLANG_WARN_UNREACHABLE_CODE = YES;
				CLANG_WARN__DUPLICATE_METHOD_MATCH = YES;
				COPY_PHASE_STRIP = NO;
				DEBUG_INFORMATION_FORMAT = "dwarf-with-dsym";
				ENABLE_NS_ASSERTIONS = NO;
				ENABLE_STRICT_OBJC_MSGSEND = YES;
				ENABLE_USER_SCRIPT_SANDBOXING = YES;
				GCC_C_LANGUAGE_STANDARD = gnu17;
				GCC_NO_COMMON_BLOCKS = YES;
				GCC_WARN_64_TO_32_BIT_CONVERSION = YES;
				GCC_WARN_ABOUT_RETURN_TYPE = YES_ERROR;
				GCC_WARN_UNDECLARED_SELECTOR = YES;
				GCC_WARN_UNINITIALIZED_AUTOS = YES_AGGRESSIVE;
				GCC_WARN_UNUSED_FUNCTION = YES;
				GCC_WARN_UNUSED_VARIABLE = YES;
				HEADER_SEARCH_PATHS = "$(PROJECT_DIR)/metal-cpp";
				LOCALIZATION_PREFERS_STRING_CATALOGS = YES;
				MACOSX_DEPLOYMENT_TARGET = 14.5;
				MTL_ENABLE_DEBUG_INFO = NO;
				MTL_FAST_MATH = YES;
				SDKROOT = macosx;
			};
			name = Release;
		};
		5EAF854B2CEA8FEA00E6B8D5 /* Debug */ = {
			isa = XCBuildConfiguration;
			buildSettings = {
				CODE_SIGN_STYLE = Automatic;
				DEVELOPMENT_TEAM = EHNUR444DN;
				ENABLE_HARDENED_RUNTIME = YES;
				HEADER_SEARCH_PATHS = (
					"$(PROJECT_DIR)/metal-cpp",
					"$(PROJECT_DIR)/metal-cpp-extensions",
				);
				PRODUCT_NAME = "$(TARGET_NAME)";
			};
			name = Debug;
		};
		5EAF854C2CEA8FEA00E6B8D5 /* Release */ = {
			isa = XCBuildConfiguration;
			buildSettings = {
				CODE_SIGN_STYLE = Automatic;
				DEVELOPMENT_TEAM = EHNUR444DN;
				ENABLE_HARDENED_RUNTIME = YES;
				HEADER_SEARCH_PATHS = (
					"$(PROJECT_DIR)/metal-cpp",
					"$(PROJECT_DIR)/metal-cpp-extensions",
				);
				PRODUCT_NAME = "$(TARGET_NAME)";
			};
			name = Release;
		};
/* End XCBuildConfiguration section */

/* Begin XCConfigurationList section */
		5EAF853E2CEA8FEA00E6B8D5 /* Build configuration list for PBXProject "zaynMac" */ = {
			isa = XCConfigurationList;
			buildConfigurations = (
				5EAF85482CEA8FEA00E6B8D5 /* Debug */,
				5EAF85492CEA8FEA00E6B8D5 /* Release */,
			);
			defaultConfigurationIsVisible = 0;
			defaultConfigurationName = Release;
		};
		5EAF854A2CEA8FEA00E6B8D5 /* Build configuration list for PBXNativeTarget "zaynMac" */ = {
			isa = XCConfigurationList;
			buildConfigurations = (
				5EAF854B2CEA8FEA00E6B8D5 /* Debug */,
				5EAF854C2CEA8FEA00E6B8D5 /* Release */,
			);
			defaultConfigurationIsVisible = 0;
			defaultConfigurationName = Release;
		};
/* End XCConfigurationList section */
	};
	rootObject = 5EAF853B2CEA8FEA00E6B8D5 /* Project object */;
}
